
Microsoft Visual Studio Solution File, Format Version 12.00
# Visual Studio Version 17
VisualStudioVersion = 17.1.32228.430
MinimumVisualStudioVersion = 10.0.40219.1
Project("{FAE04EC0-301F-11D3-BF4B-00C04F79EFBC}") = "ExamenII_EmanuelFerrera", "ExamenII_EmanuelFerrera\ExamenII_EmanuelFerrera.csproj", "{75EA5EC2-223E-4B02-9832-326567A0E95A}"
EndProject
Project("{FAE04EC0-301F-11D3-BF4B-00C04F79EFBC}") = "Datos", "Datos\Datos.csproj", "{312756E3-4764-4DE1-9FAD-94C4504EED6B}"
EndProject
Global
	GlobalSection(SolutionConfigurationPlatforms) = preSolution
		Debug|Any CPU = Debug|Any CPU
		Release|Any CPU = Release|Any CPU
	EndGlobalSection
	GlobalSection(ProjectConfigurationPlatforms) = postSolution
		{75EA5EC2-223E-4B02-9832-326567A0E95A}.Debug|Any CPU.ActiveCfg = Debug|Any CPU
		{75EA5EC2-223E-4B02-9832-326567A0E95A}.Debug|Any CPU.Build.0 = Debug|Any CPU
		{75EA5EC2-223E-4B02-9832-326567A0E95A}.Release|Any CPU.ActiveCfg = Release|Any CPU
		{75EA5EC2-223E-4B02-9832-326567A0E95A}.Release|Any CPU.Build.0 = Release|Any CPU
		{312756E3-4764-4DE1-9FAD-94C4504EED6B}.Debug|Any CPU.ActiveCfg = Debug|Any CPU
		{312756E3-4764-4DE1-9FAD-94C4504EED6B}.Debug|Any CPU.Build.0 = Debug|Any CPU
		{312756E3-4764-4DE1-9FAD-94C4504EED6B}.Release|Any CPU.ActiveCfg = Release|Any CPU
		{312756E3-4764-4DE1-9FAD-94C4504EED6B}.Release|Any CPU.Build.0 = Release|Any CPU
	EndGlobalSection
	GlobalSection(SolutionProperties) = preSolution
		HideSolutionNode = FALSE
	EndGlobalSection
	GlobalSection(ExtensibilityGlobals) = postSolution
		SolutionGuid = {90F916AB-D9DB-481E-AF17-41BFE16F1DBE}
	EndGlobalSection
EndGlobal
